
Microsoft Visual Studio Solution File, Format Version 12.00
# Visual Studio 15
VisualStudioVersion = 15.0.26730.16
MinimumVisualStudioVersion = 10.0.40219.1
Project("{FAE04EC0-301F-11D3-BF4B-00C04F79EFBC}") = "TwoFactor", "TwoFactor\TwoFactor.csproj", "{4E123E70-702B-48A7-81B9-71F450F16A44}"
EndProject
Project("{FAE04EC0-301F-11D3-BF4B-00C04F79EFBC}") = "MicroMvvm", "MicroMvvm\MicroMvvm.csproj", "{9EFE6CBD-DF21-436E-9F81-E258BAB0B653}"
EndProject
Global
	GlobalSection(SolutionConfigurationPlatforms) = preSolution
		Debug|Any CPU = Debug|Any CPU
		Release|Any CPU = Release|Any CPU
	EndGlobalSection
	GlobalSection(ProjectConfigurationPlatforms) = postSolution
		{4E123E70-702B-48A7-81B9-71F450F16A44}.Debug|Any CPU.ActiveCfg = Debug|Any CPU
		{4E123E70-702B-48A7-81B9-71F450F16A44}.Debug|Any CPU.Build.0 = Debug|Any CPU
		{4E123E70-702B-48A7-81B9-71F450F16A44}.Release|Any CPU.ActiveCfg = Release|Any CPU
		{4E123E70-702B-48A7-81B9-71F450F16A44}.Release|Any CPU.Build.0 = Release|Any CPU
		{9EFE6CBD-DF21-436E-9F81-E258BAB0B653}.Debug|Any CPU.ActiveCfg = Debug|Any CPU
		{9EFE6CBD-DF21-436E-9F81-E258BAB0B653}.Debug|Any CPU.Build.0 = Debug|Any CPU
		{9EFE6CBD-DF21-436E-9F81-E258BAB0B653}.Release|Any CPU.ActiveCfg = Release|Any CPU
		{9EFE6CBD-DF21-436E-9F81-E258BAB0B653}.Release|Any CPU.Build.0 = Release|Any CPU
	EndGlobalSection
	GlobalSection(SolutionProperties) = preSolution
		HideSolutionNode = FALSE
	EndGlobalSection
	GlobalSection(ExtensibilityGlobals) = postSolution
		SolutionGuid = {939F3C9D-241B-4967-B8DA-3924814788E9}
	EndGlobalSection
EndGlobal
